
Microsoft Visual Studio Solution File, Format Version 12.00
# Visual Studio Version 16
VisualStudioVersion = 16.0.30002.166
MinimumVisualStudioVersion = 10.0.40219.1
Project("{FAE04EC0-301F-11D3-BF4B-00C04F79EFBC}") = "SchoolDriver.Android", "SchoolDriver\SchoolDriver.Android\SchoolDriver.Android.csproj", "{3E4A17F8-63A4-454D-99FD-3EAEEDF86D01}"
EndProject
Project("{FAE04EC0-301F-11D3-BF4B-00C04F79EFBC}") = "SchoolDriver.iOS", "SchoolDriver\SchoolDriver.iOS\SchoolDriver.iOS.csproj", "{4933B28A-C0EB-4773-8C60-DCBA3C771B8A}"
EndProject
Project("{FAE04EC0-301F-11D3-BF4B-00C04F79EFBC}") = "SchoolDriver", "SchoolDriver\SchoolDriver\SchoolDriver.csproj", "{20BEAB98-FD4A-414F-BBD2-B6DF6FC84E59}"
EndProject
Global
	GlobalSection(SolutionConfigurationPlatforms) = preSolution
		Debug|Any CPU = Debug|Any CPU
		Debug|iPhone = Debug|iPhone
		Debug|iPhoneSimulator = Debug|iPhoneSimulator
		Release|Any CPU = Release|Any CPU
		Release|iPhone = Release|iPhone
		Release|iPhoneSimulator = Release|iPhoneSimulator
	EndGlobalSection
	GlobalSection(ProjectConfigurationPlatforms) = postSolution
		{3E4A17F8-63A4-454D-99FD-3EAEEDF86D01}.Debug|Any CPU.ActiveCfg = Debug|Any CPU
		{3E4A17F8-63A4-454D-99FD-3EAEEDF86D01}.Debug|Any CPU.Build.0 = Debug|Any CPU
		{3E4A17F8-63A4-454D-99FD-3EAEEDF86D01}.Debug|Any CPU.Deploy.0 = Debug|Any CPU
		{3E4A17F8-63A4-454D-99FD-3EAEEDF86D01}.Debug|iPhone.ActiveCfg = Debug|Any CPU
		{3E4A17F8-63A4-454D-99FD-3EAEEDF86D01}.Debug|iPhone.Build.0 = Debug|Any CPU
		{3E4A17F8-63A4-454D-99FD-3EAEEDF86D01}.Debug|iPhone.Deploy.0 = Debug|Any CPU
		{3E4A17F8-63A4-454D-99FD-3EAEEDF86D01}.Debug|iPhoneSimulator.ActiveCfg = Debug|Any CPU
		{3E4A17F8-63A4-454D-99FD-3EAEEDF86D01}.Debug|iPhoneSimulator.Build.0 = Debug|Any CPU
		{3E4A17F8-63A4-454D-99FD-3EAEEDF86D01}.Debug|iPhoneSimulator.Deploy.0 = Debug|Any CPU
		{3E4A17F8-63A4-454D-99FD-3EAEEDF86D01}.Release|Any CPU.ActiveCfg = Release|Any CPU
		{3E4A17F8-63A4-454D-99FD-3EAEEDF86D01}.Release|Any CPU.Build.0 = Release|Any CPU
		{3E4A17F8-63A4-454D-99FD-3EAEEDF86D01}.Release|Any CPU.Deploy.0 = Release|Any CPU
		{3E4A17F8-63A4-454D-99FD-3EAEEDF86D01}.Release|iPhone.ActiveCfg = Release|Any CPU
		{3E4A17F8-63A4-454D-99FD-3EAEEDF86D01}.Release|iPhone.Build.0 = Release|Any CPU
		{3E4A17F8-63A4-454D-99FD-3EAEEDF86D01}.Release|iPhone.Deploy.0 = Release|Any CPU
		{3E4A17F8-63A4-454D-99FD-3EAEEDF86D01}.Release|iPhoneSimulator.ActiveCfg = Release|Any CPU
		{3E4A17F8-63A4-454D-99FD-3EAEEDF86D01}.Release|iPhoneSimulator.Build.0 = Release|Any CPU
		{3E4A17F8-63A4-454D-99FD-3EAEEDF86D01}.Release|iPhoneSimulator.Deploy.0 = Release|Any CPU
		{4933B28A-C0EB-4773-8C60-DCBA3C771B8A}.Debug|Any CPU.ActiveCfg = Debug|iPhone
		{4933B28A-C0EB-4773-8C60-DCBA3C771B8A}.Debug|Any CPU.Build.0 = Debug|iPhone
		{4933B28A-C0EB-4773-8C60-DCBA3C771B8A}.Debug|Any CPU.Deploy.0 = Debug|iPhone
		{4933B28A-C0EB-4773-8C60-DCBA3C771B8A}.Debug|iPhone.ActiveCfg = Debug|iPhone
		{4933B28A-C0EB-4773-8C60-DCBA3C771B8A}.Debug|iPhone.Build.0 = Debug|iPhone
		{4933B28A-C0EB-4773-8C60-DCBA3C771B8A}.Debug|iPhone.Deploy.0 = Debug|iPhone
		{4933B28A-C0EB-4773-8C60-DCBA3C771B8A}.Debug|iPhoneSimulator.ActiveCfg = Debug|iPhoneSimulator
		{4933B28A-C0EB-4773-8C60-DCBA3C771B8A}.Debug|iPhoneSimulator.Build.0 = Debug|iPhoneSimulator
		{4933B28A-C0EB-4773-8C60-DCBA3C771B8A}.Debug|iPhoneSimulator.Deploy.0 = Debug|iPhoneSimulator
		{4933B28A-C0EB-4773-8C60-DCBA3C771B8A}.Release|Any CPU.ActiveCfg = Release|iPhone
		{4933B28A-C0EB-4773-8C60-DCBA3C771B8A}.Release|Any CPU.Build.0 = Release|iPhone
		{4933B28A-C0EB-4773-8C60-DCBA3C771B8A}.Release|Any CPU.Deploy.0 = Release|iPhone
		{4933B28A-C0EB-4773-8C60-DCBA3C771B8A}.Release|iPhone.ActiveCfg = Release|iPhone
		{4933B28A-C0EB-4773-8C60-DCBA3C771B8A}.Release|iPhone.Build.0 = Release|iPhone
		{4933B28A-C0EB-4773-8C60-DCBA3C771B8A}.Release|iPhone.Deploy.0 = Release|iPhone
		{4933B28A-C0EB-4773-8C60-DCBA3C771B8A}.Release|iPhoneSimulator.ActiveCfg = Release|iPhoneSimulator
		{4933B28A-C0EB-4773-8C60-DCBA3C771B8A}.Release|iPhoneSimulator.Build.0 = Release|iPhoneSimulator
		{4933B28A-C0EB-4773-8C60-DCBA3C771B8A}.Release|iPhoneSimulator.Deploy.0 = Release|iPhoneSimulator
		{20BEAB98-FD4A-414F-BBD2-B6DF6FC84E59}.Debug|Any CPU.ActiveCfg = Debug|Any CPU
		{20BEAB98-FD4A-414F-BBD2-B6DF6FC84E59}.Debug|Any CPU.Build.0 = Debug|Any CPU
		{20BEAB98-FD4A-414F-BBD2-B6DF6FC84E59}.Debug|Any CPU.Deploy.0 = Debug|Any CPU
		{20BEAB98-FD4A-414F-BBD2-B6DF6FC84E59}.Debug|iPhone.ActiveCfg = Debug|Any CPU
		{20BEAB98-FD4A-414F-BBD2-B6DF6FC84E59}.Debug|iPhone.Build.0 = Debug|Any CPU
		{20BEAB98-FD4A-414F-BBD2-B6DF6FC84E59}.Debug|iPhone.Deploy.0 = Debug|Any CPU
		{20BEAB98-FD4A-414F-BBD2-B6DF6FC84E59}.Debug|iPhoneSimulator.ActiveCfg = Debug|Any CPU
		{20BEAB98-FD4A-414F-BBD2-B6DF6FC84E59}.Debug|iPhoneSimulator.Build.0 = Debug|Any CPU
		{20BEAB98-FD4A-414F-BBD2-B6DF6FC84E59}.Debug|iPhoneSimulator.Deploy.0 = Debug|Any CPU
		{20BEAB98-FD4A-414F-BBD2-B6DF6FC84E59}.Release|Any CPU.ActiveCfg = Release|Any CPU
		{20BEAB98-FD4A-414F-BBD2-B6DF6FC84E59}.Release|Any CPU.Build.0 = Release|Any CPU
		{20BEAB98-FD4A-414F-BBD2-B6DF6FC84E59}.Release|Any CPU.Deploy.0 = Release|Any CPU
		{20BEAB98-FD4A-414F-BBD2-B6DF6FC84E59}.Release|iPhone.ActiveCfg = Release|Any CPU
		{20BEAB98-FD4A-414F-BBD2-B6DF6FC84E59}.Release|iPhone.Build.0 = Release|Any CPU
		{20BEAB98-FD4A-414F-BBD2-B6DF6FC84E59}.Release|iPhone.Deploy.0 = Release|Any CPU
		{20BEAB98-FD4A-414F-BBD2-B6DF6FC84E59}.Release|iPhoneSimulator.ActiveCfg = Release|Any CPU
		{20BEAB98-FD4A-414F-BBD2-B6DF6FC84E59}.Release|iPhoneSimulator.Build.0 = Release|Any CPU
		{20BEAB98-FD4A-414F-BBD2-B6DF6FC84E59}.Release|iPhoneSimulator.Deploy.0 = Release|Any CPU
	EndGlobalSection
	GlobalSection(SolutionProperties) = preSolution
		HideSolutionNode = FALSE
	EndGlobalSection
	GlobalSection(ExtensibilityGlobals) = postSolution
		SolutionGuid = {F231D053-9074-4261-9166-35A79F5F5A1D}
	EndGlobalSection
EndGlobal
